// !$*UTF8*$!
{
	archiveVersion = 1;
	classes = {
	};
	objectVersion = 50;
	objects = {

/* Begin PBXBuildFile section */
		19F7F51A256BFE7500C2AD1B /* AppDelegate.m in Sources */ = {isa = PBXBuildFile; fileRef = 19F7F519256BFE7500C2AD1B /* AppDelegate.m */; };
		19F7F51D256BFE7500C2AD1B /* SceneDelegate.m in Sources */ = {isa = PBXBuildFile; fileRef = 19F7F51C256BFE7500C2AD1B /* SceneDelegate.m */; };
		19F7F520256BFE7500C2AD1B /* ViewController.m in Sources */ = {isa = PBXBuildFile; fileRef = 19F7F51F256BFE7500C2AD1B /* ViewController.m */; };
		19F7F523256BFE7500C2AD1B /* Main.storyboard in Resources */ = {isa = PBXBuildFile; fileRef = 19F7F521256BFE7500C2AD1B /* Main.storyboard */; };
		19F7F526256BFE7500C2AD1B /* Core_Data_Example.xcdatamodeld in Sources */ = {isa = PBXBuildFile; fileRef = 19F7F524256BFE7500C2AD1B /* Core_Data_Example.xcdatamodeld */; };
		19F7F528256BFE7700C2AD1B /* Assets.xcassets in Resources */ = {isa = PBXBuildFile; fileRef = 19F7F527256BFE7700C2AD1B /* Assets.xcassets */; };
		19F7F52B256BFE7700C2AD1B /* LaunchScreen.storyboard in Resources */ = {isa = PBXBuildFile; fileRef = 19F7F529256BFE7700C2AD1B /* LaunchScreen.storyboard */; };
		19F7F52E256BFE7700C2AD1B /* main.m in Sources */ = {isa = PBXBuildFile; fileRef = 19F7F52D256BFE7700C2AD1B /* main.m */; };
		19F7F538256BFE7700C2AD1B /* Core_Data_ExampleTests.m in Sources */ = {isa = PBXBuildFile; fileRef = 19F7F537256BFE7700C2AD1B /* Core_Data_ExampleTests.m */; };
		19F7F543256BFE7700C2AD1B /* Core_Data_ExampleUITests.m in Sources */ = {isa = PBXBuildFile; fileRef = 19F7F542256BFE7700C2AD1B /* Core_Data_ExampleUITests.m */; };
		19F7F555256C04DC00C2AD1B /* SecondViewController.m in Sources */ = {isa = PBXBuildFile; fileRef = 19F7F554256C04DC00C2AD1B /* SecondViewController.m */; };
		19F7F55B256C239F00C2AD1B /* CoreData.framework in Frameworks */ = {isa = PBXBuildFile; fileRef = 19F7F55A256C239F00C2AD1B /* CoreData.framework */; };
/* End PBXBuildFile section */

/* Begin PBXContainerItemProxy section */
		19F7F534256BFE7700C2AD1B /* PBXContainerItemProxy */ = {
			isa = PBXContainerItemProxy;
			containerPortal = 19F7F50D256BFE7500C2AD1B /* Project object */;
			proxyType = 1;
			remoteGlobalIDString = 19F7F514256BFE7500C2AD1B;
			remoteInfo = "Core Data Example";
		};
		19F7F53F256BFE7700C2AD1B /* PBXContainerItemProxy */ = {
			isa = PBXContainerItemProxy;
			containerPortal = 19F7F50D256BFE7500C2AD1B /* Project object */;
			proxyType = 1;
			remoteGlobalIDString = 19F7F514256BFE7500C2AD1B;
			remoteInfo = "Core Data Example";
		};
/* End PBXContainerItemProxy section */

/* Begin PBXFileReference section */
		19F7F515256BFE7500C2AD1B /* Core Data Example.app */ = {isa = PBXFileReference; explicitFileType = wrapper.application; includeInIndex = 0; path = "Core Data Example.app"; sourceTree = BUILT_PRODUCTS_DIR; };
		19F7F518256BFE7500C2AD1B /* AppDelegate.h */ = {isa = PBXFileReference; lastKnownFileType = sourcecode.c.h; path = AppDelegate.h; sourceTree = "<group>"; };
		19F7F519256BFE7500C2AD1B /* AppDelegate.m */ = {isa = PBXFileReference; lastKnownFileType = sourcecode.c.objc; path = AppDelegate.m; sourceTree = "<group>"; };
		19F7F51B256BFE7500C2AD1B /* SceneDelegate.h */ = {isa = PBXFileReference; lastKnownFileType = sourcecode.c.h; path = SceneDelegate.h; sourceTree = "<group>"; };
		19F7F51C256BFE7500C2AD1B /* SceneDelegate.m */ = {isa = PBXFileReference; lastKnownFileType = sourcecode.c.objc; path = SceneDelegate.m; sourceTree = "<group>"; };
		19F7F51E256BFE7500C2AD1B /* ViewController.h */ = {isa = PBXFileReference; lastKnownFileType = sourcecode.c.h; path = ViewController.h; sourceTree = "<group>"; };
		19F7F51F256BFE7500C2AD1B /* ViewController.m */ = {isa = PBXFileReference; lastKnownFileType = sourcecode.c.objc; path = ViewController.m; sourceTree = "<group>"; };
		19F7F522256BFE7500C2AD1B /* Base */ = {isa = PBXFileReference; lastKnownFileType = file.storyboard; name = Base; path = Base.lproj/Main.storyboard; sourceTree = "<group>"; };
		19F7F525256BFE7500C2AD1B /* Core_Data_Example.xcdatamodel */ = {isa = PBXFileReference; lastKnownFileType = wrapper.xcdatamodel; path = Core_Data_Example.xcdatamodel; sourceTree = "<group>"; };
		19F7F527256BFE7700C2AD1B /* Assets.xcassets */ = {isa = PBXFileReference; lastKnownFileType = folder.assetcatalog; path = Assets.xcassets; sourceTree = "<group>"; };
		19F7F52A256BFE7700C2AD1B /* Base */ = {isa = PBXFileReference; lastKnownFileType = file.storyboard; name = Base; path = Base.lproj/LaunchScreen.storyboard; sourceTree = "<group>"; };
		19F7F52C256BFE7700C2AD1B /* Info.plist */ = {isa = PBXFileReference; lastKnownFileType = text.plist.xml; path = Info.plist; sourceTree = "<group>"; };
		19F7F52D256BFE7700C2AD1B /* main.m */ = {isa = PBXFileReference; lastKnownFileType = sourcecode.c.objc; path = main.m; sourceTree = "<group>"; };
		19F7F533256BFE7700C2AD1B /* Core Data ExampleTests.xctest */ = {isa = PBXFileReference; explicitFileType = wrapper.cfbundle; includeInIndex = 0; path = "Core Data ExampleTests.xctest"; sourceTree = BUILT_PRODUCTS_DIR; };
		19F7F537256BFE7700C2AD1B /* Core_Data_ExampleTests.m */ = {isa = PBXFileReference; lastKnownFileType = sourcecode.c.objc; path = Core_Data_ExampleTests.m; sourceTree = "<group>"; };
		19F7F539256BFE7700C2AD1B /* Info.plist */ = {isa = PBXFileReference; lastKnownFileType = text.plist.xml; path = Info.plist; sourceTree = "<group>"; };
		19F7F53E256BFE7700C2AD1B /* Core Data ExampleUITests.xctest */ = {isa = PBXFileReference; explicitFileType = wrapper.cfbundle; includeInIndex = 0; path = "Core Data ExampleUITests.xctest"; sourceTree = BUILT_PRODUCTS_DIR; };
		19F7F542256BFE7700C2AD1B /* Core_Data_ExampleUITests.m */ = {isa = PBXFileReference; lastKnownFileType = sourcecode.c.objc; path = Core_Data_ExampleUITests.m; sourceTree = "<group>"; };
		19F7F544256BFE7700C2AD1B /* Info.plist */ = {isa = PBXFileReference; lastKnownFileType = text.plist.xml; path = Info.plist; sourceTree = "<group>"; };
		19F7F553256C04DC00C2AD1B /* SecondViewController.h */ = {isa = PBXFileReference; lastKnownFileType = sourcecode.c.h; path = SecondViewController.h; sourceTree = "<group>"; };
		19F7F554256C04DC00C2AD1B /* SecondViewController.m */ = {isa = PBXFileReference; lastKnownFileType = sourcecode.c.objc; path = SecondViewController.m; sourceTree = "<group>"; };
		19F7F55A256C239F00C2AD1B /* CoreData.framework */ = {isa = PBXFileReference; lastKnownFileType = wrapper.framework; name = CoreData.framework; path = System/Library/Frameworks/CoreData.framework; sourceTree = SDKROOT; };
/* End PBXFileReference section */

/* Begin PBXFrameworksBuildPhase section */
		19F7F512256BFE7500C2AD1B /* Frameworks */ = {
			isa = PBXFrameworksBuildPhase;
			buildActionMask = 2147483647;
			files = (
				19F7F55B256C239F00C2AD1B /* CoreData.framework in Frameworks */,
			);
			runOnlyForDeploymentPostprocessing = 0;
		};
		19F7F530256BFE7700C2AD1B /* Frameworks */ = {
			isa = PBXFrameworksBuildPhase;
			buildActionMask = 2147483647;
			files = (
			);
			runOnlyForDeploymentPostprocessing = 0;
		};
		19F7F53B256BFE7700C2AD1B /* Frameworks */ = {
			isa = PBXFrameworksBuildPhase;
			buildActionMask = 2147483647;
			files = (
			);
			runOnlyForDeploymentPostprocessing = 0;
		};
/* End PBXFrameworksBuildPhase section */

/* Begin PBXGroup section */
		19F7F50C256BFE7500C2AD1B = {
			isa = PBXGroup;
			children = (
				19F7F517256BFE7500C2AD1B /* Core Data Example */,
				19F7F536256BFE7700C2AD1B /* Core Data ExampleTests */,
				19F7F541256BFE7700C2AD1B /* Core Data ExampleUITests */,
				19F7F516256BFE7500C2AD1B /* Products */,
				19F7F559256C239E00C2AD1B /* Frameworks */,
			);
			sourceTree = "<group>";
		};
		19F7F516256BFE7500C2AD1B /* Products */ = {
			isa = PBXGroup;
			children = (
				19F7F515256BFE7500C2AD1B /* Core Data Example.app */,
				19F7F533256BFE7700C2AD1B /* Core Data ExampleTests.xctest */,
				19F7F53E256BFE7700C2AD1B /* Core Data ExampleUITests.xctest */,
			);
			name = Products;
			sourceTree = "<group>";
		};
		19F7F517256BFE7500C2AD1B /* Core Data Example */ = {
			isa = PBXGroup;
			children = (
				19F7F518256BFE7500C2AD1B /* AppDelegate.h */,
				19F7F519256BFE7500C2AD1B /* AppDelegate.m */,
				19F7F51B256BFE7500C2AD1B /* SceneDelegate.h */,
				19F7F51C256BFE7500C2AD1B /* SceneDelegate.m */,
				19F7F51E256BFE7500C2AD1B /* ViewController.h */,
				19F7F521256BFE7500C2AD1B /* Main.storyboard */,
				19F7F51F256BFE7500C2AD1B /* ViewController.m */,
				19F7F527256BFE7700C2AD1B /* Assets.xcassets */,
				19F7F529256BFE7700C2AD1B /* LaunchScreen.storyboard */,
				19F7F52C256BFE7700C2AD1B /* Info.plist */,
				19F7F52D256BFE7700C2AD1B /* main.m */,
				19F7F524256BFE7500C2AD1B /* Core_Data_Example.xcdatamodeld */,
				19F7F553256C04DC00C2AD1B /* SecondViewController.h */,
				19F7F554256C04DC00C2AD1B /* SecondViewController.m */,
			);
			path = "Core Data Example";
			sourceTree = "<group>";
		};
		19F7F536256BFE7700C2AD1B /* Core Data ExampleTests */ = {
			isa = PBXGroup;
			children = (
				19F7F537256BFE7700C2AD1B /* Core_Data_ExampleTests.m */,
				19F7F539256BFE7700C2AD1B /* Info.plist */,
			);
			path = "Core Data ExampleTests";
			sourceTree = "<group>";
		};
		19F7F541256BFE7700C2AD1B /* Core Data ExampleUITests */ = {
			isa = PBXGroup;
			children = (
				19F7F542256BFE7700C2AD1B /* Core_Data_ExampleUITests.m */,
				19F7F544256BFE7700C2AD1B /* Info.plist */,
			);
			path = "Core Data ExampleUITests";
			sourceTree = "<group>";
		};
		19F7F559256C239E00C2AD1B /* Frameworks */ = {
			isa = PBXGroup;
			children = (
				19F7F55A256C239F00C2AD1B /* CoreData.framework */,
			);
			name = Frameworks;
			sourceTree = "<group>";
		};
/* End PBXGroup section */

/* Begin PBXNativeTarget section */
		19F7F514256BFE7500C2AD1B /* Core Data Example */ = {
			isa = PBXNativeTarget;
			buildConfigurationList = 19F7F547256BFE7700C2AD1B /* Build configuration list for PBXNativeTarget "Core Data Example" */;
			buildPhases = (
				19F7F511256BFE7500C2AD1B /* Sources */,
				19F7F512256BFE7500C2AD1B /* Frameworks */,
				19F7F513256BFE7500C2AD1B /* Resources */,
			);
			buildRules = (
			);
			dependencies = (
			);
			name = "Core Data Example";
			productName = "Core Data Example";
			productReference = 19F7F515256BFE7500C2AD1B /* Core Data Example.app */;
			productType = "com.apple.product-type.application";
		};
		19F7F532256BFE7700C2AD1B /* Core Data ExampleTests */ = {
			isa = PBXNativeTarget;
			buildConfigurationList = 19F7F54A256BFE7700C2AD1B /* Build configuration list for PBXNativeTarget "Core Data ExampleTests" */;
			buildPhases = (
				19F7F52F256BFE7700C2AD1B /* Sources */,
				19F7F530256BFE7700C2AD1B /* Frameworks */,
				19F7F531256BFE7700C2AD1B /* Resources */,
			);
			buildRules = (
			);
			dependencies = (
				19F7F535256BFE7700C2AD1B /* PBXTargetDependency */,
			);
			name = "Core Data ExampleTests";
			productName = "Core Data ExampleTests";
			productReference = 19F7F533256BFE7700C2AD1B /* Core Data ExampleTests.xctest */;
			productType = "com.apple.product-type.bundle.unit-test";
		};
		19F7F53D256BFE7700C2AD1B /* Core Data ExampleUITests */ = {
			isa = PBXNativeTarget;
			buildConfigurationList = 19F7F54D256BFE7700C2AD1B /* Build configuration list for PBXNativeTarget "Core Data ExampleUITests" */;
			buildPhases = (
				19F7F53A256BFE7700C2AD1B /* Sources */,
				19F7F53B256BFE7700C2AD1B /* Frameworks */,
				19F7F53C256BFE7700C2AD1B /* Resources */,
			);
			buildRules = (
			);
			dependencies = (
				19F7F540256BFE7700C2AD1B /* PBXTargetDependency */,
			);
			name = "Core Data ExampleUITests";
			productName = "Core Data ExampleUITests";
			productReference = 19F7F53E256BFE7700C2AD1B /* Core Data ExampleUITests.xctest */;
			productType = "com.apple.product-type.bundle.ui-testing";
		};
/* End PBXNativeTarget section */

/* Begin PBXProject section */
		19F7F50D256BFE7500C2AD1B /* Project object */ = {
			isa = PBXProject;
			attributes = {
				LastUpgradeCheck = 1220;
				TargetAttributes = {
					19F7F514256BFE7500C2AD1B = {
						CreatedOnToolsVersion = 12.2;
					};
					19F7F532256BFE7700C2AD1B = {
						CreatedOnToolsVersion = 12.2;
						TestTargetID = 19F7F514256BFE7500C2AD1B;
					};
					19F7F53D256BFE7700C2AD1B = {
						CreatedOnToolsVersion = 12.2;
						TestTargetID = 19F7F514256BFE7500C2AD1B;
					};
				};
			};
			buildConfigurationList = 19F7F510256BFE7500C2AD1B /* Build configuration list for PBXProject "Core Data Example" */;
			compatibilityVersion = "Xcode 9.3";
			developmentRegion = en;
			hasScannedForEncodings = 0;
			knownRegions = (
				en,
				Base,
			);
			mainGroup = 19F7F50C256BFE7500C2AD1B;
			productRefGroup = 19F7F516256BFE7500C2AD1B /* Products */;
			projectDirPath = "";
			projectRoot = "";
			targets = (
				19F7F514256BFE7500C2AD1B /* Core Data Example */,
				19F7F532256BFE7700C2AD1B /* Core Data ExampleTests */,
				19F7F53D256BFE7700C2AD1B /* Core Data ExampleUITests */,
			);
		};
/* End PBXProject section */

/* Begin PBXResourcesBuildPhase section */
		19F7F513256BFE7500C2AD1B /* Resources */ = {
			isa = PBXResourcesBuildPhase;
			buildActionMask = 2147483647;
			files = (
				19F7F52B256BFE7700C2AD1B /* LaunchScreen.storyboard in Resources */,
				19F7F528256BFE7700C2AD1B /* Assets.xcassets in Resources */,
				19F7F523256BFE7500C2AD1B /* Main.storyboard in Resources */,
			);
			runOnlyForDeploymentPostprocessing = 0;
		};
		19F7F531256BFE7700C2AD1B /* Resources */ = {
			isa = PBXResourcesBuildPhase;
			buildActionMask = 2147483647;
			files = (
			);
			runOnlyForDeploymentPostprocessing = 0;
		};
		19F7F53C256BFE7700C2AD1B /* Resources */ = {
			isa = PBXResourcesBuildPhase;
			buildActionMask = 2147483647;
			files = (
			);
			runOnlyForDeploymentPostprocessing = 0;
		};
/* End PBXResourcesBuildPhase section */

/* Begin PBXSourcesBuildPhase section */
		19F7F511256BFE7500C2AD1B /* Sources */ = {
			isa = PBXSourcesBuildPhase;
			buildActionMask = 2147483647;
			files = (
				19F7F555256C04DC00C2AD1B /* SecondViewController.m in Sources */,
				19F7F52E256BFE7700C2AD1B /* main.m in Sources */,
				19F7F520256BFE7500C2AD1B /* ViewController.m in Sources */,
				19F7F51A256BFE7500C2AD1B /* AppDelegate.m in Sources */,
				19F7F51D256BFE7500C2AD1B /* SceneDelegate.m in Sources */,
				19F7F526256BFE7500C2AD1B /* Core_Data_Example.xcdatamodeld in Sources */,
			);
			runOnlyForDeploymentPostprocessing = 0;
		};
		19F7F52F256BFE7700C2AD1B /* Sources */ = {
			isa = PBXSourcesBuildPhase;
			buildActionMask = 2147483647;
			files = (
				19F7F538256BFE7700C2AD1B /* Core_Data_ExampleTests.m in Sources */,
			);
			runOnlyForDeploymentPostprocessing = 0;
		};
		19F7F53A256BFE7700C2AD1B /* Sources */ = {
			isa = PBXSourcesBuildPhase;
			buildActionMask = 2147483647;
			files = (
				19F7F543256BFE7700C2AD1B /* Core_Data_ExampleUITests.m in Sources */,
			);
			runOnlyForDeploymentPostprocessing = 0;
		};
/* End PBXSourcesBuildPhase section */

/* Begin PBXTargetDependency section */
		19F7F535256BFE7700C2AD1B /* PBXTargetDependency */ = {
			isa = PBXTargetDependency;
			target = 19F7F514256BFE7500C2AD1B /* Core Data Example */;
			targetProxy = 19F7F534256BFE7700C2AD1B /* PBXContainerItemProxy */;
		};
		19F7F540256BFE7700C2AD1B /* PBXTargetDependency */ = {
			isa = PBXTargetDependency;
			target = 19F7F514256BFE7500C2AD1B /* Core Data Example */;
			targetProxy = 19F7F53F256BFE7700C2AD1B /* PBXContainerItemProxy */;
		};
/* End PBXTargetDependency section */

/* Begin PBXVariantGroup section */
		19F7F521256BFE7500C2AD1B /* Main.storyboard */ = {
			isa = PBXVariantGroup;
			children = (
				19F7F522256BFE7500C2AD1B /* Base */,
			);
			name = Main.storyboard;
			sourceTree = "<group>";
		};
		19F7F529256BFE7700C2AD1B /* LaunchScreen.storyboard */ = {
			isa = PBXVariantGroup;
			children = (
				19F7F52A256BFE7700C2AD1B /* Base */,
			);
			name = LaunchScreen.storyboard;
			sourceTree = "<group>";
		};
/* End PBXVariantGroup section */

/* Begin XCBuildConfiguration section */
		19F7F545256BFE7700C2AD1B /* Debug */ = {
			isa = XCBuildConfiguration;
			buildSettings = {
				ALWAYS_SEARCH_USER_PATHS = NO;
				CLANG_ANALYZER_NONNULL = YES;
				CLANG_ANALYZER_NUMBER_OBJECT_CONVERSION = YES_AGGRESSIVE;
				CLANG_CXX_LANGUAGE_STANDARD = "gnu++14";
				CLANG_CXX_LIBRARY = "libc++";
				CLANG_ENABLE_MODULES = YES;
				CLANG_ENABLE_OBJC_ARC = YES;
				CLANG_ENABLE_OBJC_WEAK = YES;
				CLANG_WARN_BLOCK_CAPTURE_AUTORELEASING = YES;
				CLANG_WARN_BOOL_CONVERSION = YES;
				CLANG_WARN_COMMA = YES;
				CLANG_WARN_CONSTANT_CONVERSION = YES;
				CLANG_WARN_DEPRECATED_OBJC_IMPLEMENTATIONS = YES;
				CLANG_WARN_DIRECT_OBJC_ISA_USAGE = YES_ERROR;
				CLANG_WARN_DOCUMENTATION_COMMENTS = YES;
				CLANG_WARN_EMPTY_BODY = YES;
				CLANG_WARN_ENUM_CONVERSION = YES;
				CLANG_WARN_INFINITE_RECURSION = YES;
				CLANG_WARN_INT_CONVERSION = YES;
				CLANG_WARN_NON_LITERAL_NULL_CONVERSION = YES;
				CLANG_WARN_OBJC_IMPLICIT_RETAIN_SELF = YES;
				CLANG_WARN_OBJC_LITERAL_CONVERSION = YES;
				CLANG_WARN_OBJC_ROOT_CLASS = YES_ERROR;
				CLANG_WARN_QUOTED_INCLUDE_IN_FRAMEWORK_HEADER = YES;
				CLANG_WARN_RANGE_LOOP_ANALYSIS = YES;
				CLANG_WARN_STRICT_PROTOTYPES = YES;
				CLANG_WARN_SUSPICIOUS_MOVE = YES;
				CLANG_WARN_UNGUARDED_AVAILABILITY = YES_AGGRESSIVE;
				CLANG_WARN_UNREACHABLE_CODE = YES;
				CLANG_WARN__DUPLICATE_METHOD_MATCH = YES;
				COPY_PHASE_STRIP = NO;
				DEBUG_INFORMATION_FORMAT = dwarf;
				ENABLE_STRICT_OBJC_MSGSEND = YES;
				ENABLE_TESTABILITY = YES;
				GCC_C_LANGUAGE_STANDARD = gnu11;
				GCC_DYNAMIC_NO_PIC = NO;
				GCC_NO_COMMON_BLOCKS = YES;
				GCC_OPTIMIZATION_LEVEL = 0;
				GCC_PREPROCESSOR_DEFINITIONS = (
					"DEBUG=1",
					"$(inherited)",
				);
				GCC_WARN_64_TO_32_BIT_CONVERSION = YES;
				GCC_WARN_ABOUT_RETURN_TYPE = YES_ERROR;
				GCC_WARN_UNDECLARED_SELECTOR = YES;
				GCC_WARN_UNINITIALIZED_AUTOS = YES_AGGRESSIVE;
				GCC_WARN_UNUSED_FUNCTION = YES;
				GCC_WARN_UNUSED_VARIABLE = YES;
				IPHONEOS_DEPLOYMENT_TARGET = 14.2;
				MTL_ENABLE_DEBUG_INFO = INCLUDE_SOURCE;
				MTL_FAST_MATH = YES;
				ONLY_ACTIVE_ARCH = YES;
				SDKROOT = iphoneos;
			};
			name = Debug;
		};
		19F7F546256BFE7700C2AD1B /* Release */ = {
			isa = XCBuildConfiguration;
			buildSettings = {
				ALWAYS_SEARCH_USER_PATHS = NO;
				CLANG_ANALYZER_NONNULL = YES;
				CLANG_ANALYZER_NUMBER_OBJECT_CONVERSION = YES_AGGRESSIVE;
				CLANG_CXX_LANGUAGE_STANDARD = "gnu++14";
				CLANG_CXX_LIBRARY = "libc++";
				CLANG_ENABLE_MODULES = YES;
				CLANG_ENABLE_OBJC_ARC = YES;
				CLANG_ENABLE_OBJC_WEAK = YES;
				CLANG_WARN_BLOCK_CAPTURE_AUTORELEASING = YES;
				CLANG_WARN_BOOL_CONVERSION = YES;
				CLANG_WARN_COMMA = YES;
				CLANG_WARN_CONSTANT_CONVERSION = YES;
				CLANG_WARN_DEPRECATED_OBJC_IMPLEMENTATIONS = YES;
				CLANG_WARN_DIRECT_OBJC_ISA_USAGE = YES_ERROR;
				CLANG_WARN_DOCUMENTATION_COMMENTS = YES;
				CLANG_WARN_EMPTY_BODY = YES;
				CLANG_WARN_ENUM_CONVERSION = YES;
				CLANG_WARN_INFINITE_RECURSION = YES;
				CLANG_WARN_INT_CONVERSION = YES;
				CLANG_WARN_NON_LITERAL_NULL_CONVERSION = YES;
				CLANG_WARN_OBJC_IMPLICIT_RETAIN_SELF = YES;
				CLANG_WARN_OBJC_LITERAL_CONVERSION = YES;
				CLANG_WARN_OBJC_ROOT_CLASS = YES_ERROR;
				CLANG_WARN_QUOTED_INCLUDE_IN_FRAMEWORK_HEADER = YES;
				CLANG_WARN_RANGE_LOOP_ANALYSIS = YES;
				CLANG_WARN_STRICT_PROTOTYPES = YES;
				CLANG_WARN_SUSPICIOUS_MOVE = YES;
				CLANG_WARN_UNGUARDED_AVAILABILITY = YES_AGGRESSIVE;
				CLANG_WARN_UNREACHABLE_CODE = YES;
				CLANG_WARN__DUPLICATE_METHOD_MATCH = YES;
				COPY_PHASE_STRIP = NO;
				DEBUG_INFORMATION_FORMAT = "dwarf-with-dsym";
				ENABLE_NS_ASSERTIONS = NO;
				ENABLE_STRICT_OBJC_MSGSEND = YES;
				GCC_C_LANGUAGE_STANDARD = gnu11;
				GCC_NO_COMMON_BLOCKS = YES;
				GCC_WARN_64_TO_32_BIT_CONVERSION = YES;
				GCC_WARN_ABOUT_RETURN_TYPE = YES_ERROR;
				GCC_WARN_UNDECLARED_SELECTOR = YES;
				GCC_WARN_UNINITIALIZED_AUTOS = YES_AGGRESSIVE;
				GCC_WARN_UNUSED_FUNCTION = YES;
				GCC_WARN_UNUSED_VARIABLE = YES;
				IPHONEOS_DEPLOYMENT_TARGET = 14.2;
				MTL_ENABLE_DEBUG_INFO = NO;
				MTL_FAST_MATH = YES;
				SDKROOT = iphoneos;
				VALIDATE_PRODUCT = YES;
			};
			name = Release;
		};
		19F7F548256BFE7700C2AD1B /* Debug */ = {
			isa = XCBuildConfiguration;
			buildSettings = {
				ASSETCATALOG_COMPILER_APPICON_NAME = AppIcon;
				ASSETCATALOG_COMPILER_GLOBAL_ACCENT_COLOR_NAME = AccentColor;
				CODE_SIGN_STYLE = Automatic;
				INFOPLIST_FILE = "Core Data Example/Info.plist";
				LD_RUNPATH_SEARCH_PATHS = (
					"$(inherited)",
					"@executable_path/Frameworks",
				);
				PRODUCT_BUNDLE_IDENTIFIER = "com.Khartik.Core-Data-Example";
				PRODUCT_NAME = "$(TARGET_NAME)";
				TARGETED_DEVICE_FAMILY = "1,2";
			};
			name = Debug;
		};
		19F7F549256BFE7700C2AD1B /* Release */ = {
			isa = XCBuildConfiguration;
			buildSettings = {
				ASSETCATALOG_COMPILER_APPICON_NAME = AppIcon;
				ASSETCATALOG_COMPILER_GLOBAL_ACCENT_COLOR_NAME = AccentColor;
				CODE_SIGN_STYLE = Automatic;
				INFOPLIST_FILE = "Core Data Example/Info.plist";
				LD_RUNPATH_SEARCH_PATHS = (
					"$(inherited)",
					"@executable_path/Frameworks",
				);
				PRODUCT_BUNDLE_IDENTIFIER = "com.Khartik.Core-Data-Example";
				PRODUCT_NAME = "$(TARGET_NAME)";
				TARGETED_DEVICE_FAMILY = "1,2";
			};
			name = Release;
		};
		19F7F54B256BFE7700C2AD1B /* Debug */ = {
			isa = XCBuildConfiguration;
			buildSettings = {
				BUNDLE_LOADER = "$(TEST_HOST)";
				CODE_SIGN_STYLE = Automatic;
				INFOPLIST_FILE = "Core Data ExampleTests/Info.plist";
				IPHONEOS_DEPLOYMENT_TARGET = 14.2;
				LD_RUNPATH_SEARCH_PATHS = (
					"$(inherited)",
					"@executable_path/Frameworks",
					"@loader_path/Frameworks",
				);
				PRODUCT_BUNDLE_IDENTIFIER = "com.Khartik.Core-Data-ExampleTests";
				PRODUCT_NAME = "$(TARGET_NAME)";
				TARGETED_DEVICE_FAMILY = "1,2";
				TEST_HOST = "$(BUILT_PRODUCTS_DIR)/Core Data Example.app/Core Data Example";
			};
			name = Debug;
		};
		19F7F54C256BFE7700C2AD1B /* Release */ = {
			isa = XCBuildConfiguration;
			buildSettings = {
				BUNDLE_LOADER = "$(TEST_HOST)";
				CODE_SIGN_STYLE = Automatic;
				INFOPLIST_FILE = "Core Data ExampleTests/Info.plist";
				IPHONEOS_DEPLOYMENT_TARGET = 14.2;
				LD_RUNPATH_SEARCH_PATHS = (
					"$(inherited)",
					"@executable_path/Frameworks",
					"@loader_path/Frameworks",
				);
				PRODUCT_BUNDLE_IDENTIFIER = "com.Khartik.Core-Data-ExampleTests";
				PRODUCT_NAME = "$(TARGET_NAME)";
				TARGETED_DEVICE_FAMILY = "1,2";
				TEST_HOST = "$(BUILT_PRODUCTS_DIR)/Core Data Example.app/Core Data Example";
			};
			name = Release;
		};
		19F7F54E256BFE7700C2AD1B /* Debug */ = {
			isa = XCBuildConfiguration;
			buildSettings = {
				CODE_SIGN_STYLE = Automatic;
				INFOPLIST_FILE = "Core Data ExampleUITests/Info.plist";
				LD_RUNPATH_SEARCH_PATHS = (
					"$(inherited)",
					"@executable_path/Frameworks",
					"@loader_path/Frameworks",
				);
				PRODUCT_BUNDLE_IDENTIFIER = "com.Khartik.Core-Data-ExampleUITests";
				PRODUCT_NAME = "$(TARGET_NAME)";
				TARGETED_DEVICE_FAMILY = "1,2";
				TEST_TARGET_NAME = "Core Data Example";
			};
			name = Debug;
		};
		19F7F54F256BFE7700C2AD1B /* Release */ = {
			isa = XCBuildConfiguration;
			buildSettings = {
				CODE_SIGN_STYLE = Automatic;
				INFOPLIST_FILE = "Core Data ExampleUITests/Info.plist";
				LD_RUNPATH_SEARCH_PATHS = (
					"$(inherited)",
					"@executable_path/Frameworks",
					"@loader_path/Frameworks",
				);
				PRODUCT_BUNDLE_IDENTIFIER = "com.Khartik.Core-Data-ExampleUITests";
				PRODUCT_NAME = "$(TARGET_NAME)";
				TARGETED_DEVICE_FAMILY = "1,2";
				TEST_TARGET_NAME = "Core Data Example";
			};
			name = Release;
		};
/* End XCBuildConfiguration section */

/* Begin XCConfigurationList section */
		19F7F510256BFE7500C2AD1B /* Build configuration list for PBXProject "Core Data Example" */ = {
			isa = XCConfigurationList;
			buildConfigurations = (
				19F7F545256BFE7700C2AD1B /* Debug */,
				19F7F546256BFE7700C2AD1B /* Release */,
			);
			defaultConfigurationIsVisible = 0;
			defaultConfigurationName = Release;
		};
		19F7F547256BFE7700C2AD1B /* Build configuration list for PBXNativeTarget "Core Data Example" */ = {
			isa = XCConfigurationList;
			buildConfigurations = (
				19F7F548256BFE7700C2AD1B /* Debug */,
				19F7F549256BFE7700C2AD1B /* Release */,
			);
			defaultConfigurationIsVisible = 0;
			defaultConfigurationName = Release;
		};
		19F7F54A256BFE7700C2AD1B /* Build configuration list for PBXNativeTarget "Core Data ExampleTests" */ = {
			isa = XCConfigurationList;
			buildConfigurations = (
				19F7F54B256BFE7700C2AD1B /* Debug */,
				19F7F54C256BFE7700C2AD1B /* Release */,
			);
			defaultConfigurationIsVisible = 0;
			defaultConfigurationName = Release;
		};
		19F7F54D256BFE7700C2AD1B /* Build configuration list for PBXNativeTarget "Core Data ExampleUITests" */ = {
			isa = XCConfigurationList;
			buildConfigurations = (
				19F7F54E256BFE7700C2AD1B /* Debug */,
				19F7F54F256BFE7700C2AD1B /* Release */,
			);
			defaultConfigurationIsVisible = 0;
			defaultConfigurationName = Release;
		};
/* End XCConfigurationList section */

/* Begin XCVersionGroup section */
		19F7F524256BFE7500C2AD1B /* Core_Data_Example.xcdatamodeld */ = {
			isa = XCVersionGroup;
			children = (
				19F7F525256BFE7500C2AD1B /* Core_Data_Example.xcdatamodel */,
			);
			currentVersion = 19F7F525256BFE7500C2AD1B /* Core_Data_Example.xcdatamodel */;
			path = Core_Data_Example.xcdatamodeld;
			sourceTree = "<group>";
			versionGroupType = wrapper.xcdatamodel;
		};
/* End XCVersionGroup section */
	};
	rootObject = 19F7F50D256BFE7500C2AD1B /* Project object */;
}
